
Microsoft Visual Studio Solution File, Format Version 12.00
# Visual Studio Version 17
VisualStudioVersion = 17.5.33516.290
MinimumVisualStudioVersion = 10.0.40219.1
Project("{FAE04EC0-301F-11D3-BF4B-00C04F79EFBC}") = "FileProcessBackEnd", "FileProcessBackEnd\FileProcessBackEnd.csproj", "{D30FFDA7-4658-4238-924D-09684AA0DE7D}"
EndProject
Global
	GlobalSection(SolutionConfigurationPlatforms) = preSolution
		Debug|Any CPU = Debug|Any CPU
		Release|Any CPU = Release|Any CPU
	EndGlobalSection
	GlobalSection(ProjectConfigurationPlatforms) = postSolution
		{D30FFDA7-4658-4238-924D-09684AA0DE7D}.Debug|Any CPU.ActiveCfg = Debug|Any CPU
		{D30FFDA7-4658-4238-924D-09684AA0DE7D}.Debug|Any CPU.Build.0 = Debug|Any CPU
		{D30FFDA7-4658-4238-924D-09684AA0DE7D}.Release|Any CPU.ActiveCfg = Release|Any CPU
		{D30FFDA7-4658-4238-924D-09684AA0DE7D}.Release|Any CPU.Build.0 = Release|Any CPU
	EndGlobalSection
	GlobalSection(SolutionProperties) = preSolution
		HideSolutionNode = FALSE
	EndGlobalSection
	GlobalSection(ExtensibilityGlobals) = postSolution
		SolutionGuid = {11C1DD8B-AF7E-443D-AEDB-1CF49D12868E}
	EndGlobalSection
EndGlobal
